// !$*UTF8*$!
{
	archiveVersion = 1;
	classes = {
	};
	objectVersion = 46;
	objects = {

/* Begin PBXBuildFile section */
		C33CE2F81EC555B0008D05F6 /* UIView+Extension.m in Sources */ = {isa = PBXBuildFile; fileRef = C33CE2F71EC555B0008D05F6 /* UIView+Extension.m */; };
		C3F786211EC5507200CCE34D /* main.m in Sources */ = {isa = PBXBuildFile; fileRef = C3F786201EC5507200CCE34D /* main.m */; };
		C3F786241EC5507200CCE34D /* AppDelegate.m in Sources */ = {isa = PBXBuildFile; fileRef = C3F786231EC5507200CCE34D /* AppDelegate.m */; };
		C3F786271EC5507200CCE34D /* ViewController.m in Sources */ = {isa = PBXBuildFile; fileRef = C3F786261EC5507200CCE34D /* ViewController.m */; };
		C3F7862A1EC5507200CCE34D /* Main.storyboard in Resources */ = {isa = PBXBuildFile; fileRef = C3F786281EC5507200CCE34D /* Main.storyboard */; };
		C3F7862C1EC5507200CCE34D /* Assets.xcassets in Resources */ = {isa = PBXBuildFile; fileRef = C3F7862B1EC5507200CCE34D /* Assets.xcassets */; };
		C3F7862F1EC5507200CCE34D /* LaunchScreen.storyboard in Resources */ = {isa = PBXBuildFile; fileRef = C3F7862D1EC5507200CCE34D /* LaunchScreen.storyboard */; };
		C3F7863A1EC5507200CCE34D /* XXUIKitTests.m in Sources */ = {isa = PBXBuildFile; fileRef = C3F786391EC5507200CCE34D /* XXUIKitTests.m */; };
		C3F786451EC5507200CCE34D /* XXUIKitUITests.m in Sources */ = {isa = PBXBuildFile; fileRef = C3F786441EC5507200CCE34D /* XXUIKitUITests.m */; };
/* End PBXBuildFile section */

/* Begin PBXContainerItemProxy section */
		C3F786361EC5507200CCE34D /* PBXContainerItemProxy */ = {
			isa = PBXContainerItemProxy;
			containerPortal = C3F786141EC5507200CCE34D /* Project object */;
			proxyType = 1;
			remoteGlobalIDString = C3F7861B1EC5507200CCE34D;
			remoteInfo = XXUIKit;
		};
		C3F786411EC5507200CCE34D /* PBXContainerItemProxy */ = {
			isa = PBXContainerItemProxy;
			containerPortal = C3F786141EC5507200CCE34D /* Project object */;
			proxyType = 1;
			remoteGlobalIDString = C3F7861B1EC5507200CCE34D;
			remoteInfo = XXUIKit;
		};
/* End PBXContainerItemProxy section */

/* Begin PBXFileReference section */
		C33CE2F61EC555B0008D05F6 /* UIView+Extension.h */ = {isa = PBXFileReference; fileEncoding = 4; lastKnownFileType = sourcecode.c.h; path = "UIView+Extension.h"; sourceTree = "<group>"; };
		C33CE2F71EC555B0008D05F6 /* UIView+Extension.m */ = {isa = PBXFileReference; fileEncoding = 4; lastKnownFileType = sourcecode.c.objc; path = "UIView+Extension.m"; sourceTree = "<group>"; };
		C3F7861C1EC5507200CCE34D /* XXUIKit.app */ = {isa = PBXFileReference; explicitFileType = wrapper.application; includeInIndex = 0; path = XXUIKit.app; sourceTree = BUILT_PRODUCTS_DIR; };
		C3F786201EC5507200CCE34D /* main.m */ = {isa = PBXFileReference; lastKnownFileType = sourcecode.c.objc; path = main.m; sourceTree = "<group>"; };
		C3F786221EC5507200CCE34D /* AppDelegate.h */ = {isa = PBXFileReference; lastKnownFileType = sourcecode.c.h; path = AppDelegate.h; sourceTree = "<group>"; };
		C3F786231EC5507200CCE34D /* AppDelegate.m */ = {isa = PBXFileReference; lastKnownFileType = sourcecode.c.objc; path = AppDelegate.m; sourceTree = "<group>"; };
		C3F786251EC5507200CCE34D /* ViewController.h */ = {isa = PBXFileReference; lastKnownFileType = sourcecode.c.h; path = ViewController.h; sourceTree = "<group>"; };
		C3F786261EC5507200CCE34D /* ViewController.m */ = {isa = PBXFileReference; lastKnownFileType = sourcecode.c.objc; path = ViewController.m; sourceTree = "<group>"; };
		C3F786291EC5507200CCE34D /* Base */ = {isa = PBXFileReference; lastKnownFileType = file.storyboard; name = Base; path = Base.lproj/Main.storyboard; sourceTree = "<group>"; };
		C3F7862B1EC5507200CCE34D /* Assets.xcassets */ = {isa = PBXFileReference; lastKnownFileType = folder.assetcatalog; path = Assets.xcassets; sourceTree = "<group>"; };
		C3F7862E1EC5507200CCE34D /* Base */ = {isa = PBXFileReference; lastKnownFileType = file.storyboard; name = Base; path = Base.lproj/LaunchScreen.storyboard; sourceTree = "<group>"; };
		C3F786301EC5507200CCE34D /* Info.plist */ = {isa = PBXFileReference; lastKnownFileType = text.plist.xml; path = Info.plist; sourceTree = "<group>"; };
		C3F786351EC5507200CCE34D /* XXUIKitTests.xctest */ = {isa = PBXFileReference; explicitFileType = wrapper.cfbundle; includeInIndex = 0; path = XXUIKitTests.xctest; sourceTree = BUILT_PRODUCTS_DIR; };
		C3F786391EC5507200CCE34D /* XXUIKitTests.m */ = {isa = PBXFileReference; lastKnownFileType = sourcecode.c.objc; path = XXUIKitTests.m; sourceTree = "<group>"; };
		C3F7863B1EC5507200CCE34D /* Info.plist */ = {isa = PBXFileReference; lastKnownFileType = text.plist.xml; path = Info.plist; sourceTree = "<group>"; };
		C3F786401EC5507200CCE34D /* XXUIKitUITests.xctest */ = {isa = PBXFileReference; explicitFileType = wrapper.cfbundle; includeInIndex = 0; path = XXUIKitUITests.xctest; sourceTree = BUILT_PRODUCTS_DIR; };
		C3F786441EC5507200CCE34D /* XXUIKitUITests.m */ = {isa = PBXFileReference; lastKnownFileType = sourcecode.c.objc; path = XXUIKitUITests.m; sourceTree = "<group>"; };
		C3F786461EC5507200CCE34D /* Info.plist */ = {isa = PBXFileReference; lastKnownFileType = text.plist.xml; path = Info.plist; sourceTree = "<group>"; };
/* End PBXFileReference section */

/* Begin PBXFrameworksBuildPhase section */
		C3F786191EC5507200CCE34D /* Frameworks */ = {
			isa = PBXFrameworksBuildPhase;
			buildActionMask = 2147483647;
			files = (
			);
			runOnlyForDeploymentPostprocessing = 0;
		};
		C3F786321EC5507200CCE34D /* Frameworks */ = {
			isa = PBXFrameworksBuildPhase;
			buildActionMask = 2147483647;
			files = (
			);
			runOnlyForDeploymentPostprocessing = 0;
		};
		C3F7863D1EC5507200CCE34D /* Frameworks */ = {
			isa = PBXFrameworksBuildPhase;
			buildActionMask = 2147483647;
			files = (
			);
			runOnlyForDeploymentPostprocessing = 0;
		};
/* End PBXFrameworksBuildPhase section */

/* Begin PBXGroup section */
		C33CE2F41EC554CC008D05F6 /* UIView+Extension */ = {
			isa = PBXGroup;
			children = (
				C33CE2F61EC555B0008D05F6 /* UIView+Extension.h */,
				C33CE2F71EC555B0008D05F6 /* UIView+Extension.m */,
			);
			path = "UIView+Extension";
			sourceTree = "<group>";
		};
		C3F786131EC5507200CCE34D = {
			isa = PBXGroup;
			children = (
				C3F7861E1EC5507200CCE34D /* XXUIKit */,
				C3F786381EC5507200CCE34D /* XXUIKitTests */,
				C3F786431EC5507200CCE34D /* XXUIKitUITests */,
				C3F7861D1EC5507200CCE34D /* Products */,
			);
			sourceTree = "<group>";
		};
		C3F7861D1EC5507200CCE34D /* Products */ = {
			isa = PBXGroup;
			children = (
				C3F7861C1EC5507200CCE34D /* XXUIKit.app */,
				C3F786351EC5507200CCE34D /* XXUIKitTests.xctest */,
				C3F786401EC5507200CCE34D /* XXUIKitUITests.xctest */,
			);
			name = Products;
			sourceTree = "<group>";
		};
		C3F7861E1EC5507200CCE34D /* XXUIKit */ = {
			isa = PBXGroup;
			children = (
				C33CE2F41EC554CC008D05F6 /* UIView+Extension */,
				C3F786221EC5507200CCE34D /* AppDelegate.h */,
				C3F786231EC5507200CCE34D /* AppDelegate.m */,
				C3F786251EC5507200CCE34D /* ViewController.h */,
				C3F786261EC5507200CCE34D /* ViewController.m */,
				C3F786281EC5507200CCE34D /* Main.storyboard */,
				C3F7862B1EC5507200CCE34D /* Assets.xcassets */,
				C3F7862D1EC5507200CCE34D /* LaunchScreen.storyboard */,
				C3F786301EC5507200CCE34D /* Info.plist */,
				C3F7861F1EC5507200CCE34D /* Supporting Files */,
			);
			path = XXUIKit;
			sourceTree = "<group>";
		};
		C3F7861F1EC5507200CCE34D /* Supporting Files */ = {
			isa = PBXGroup;
			children = (
				C3F786201EC5507200CCE34D /* main.m */,
			);
			name = "Supporting Files";
			sourceTree = "<group>";
		};
		C3F786381EC5507200CCE34D /* XXUIKitTests */ = {
			isa = PBXGroup;
			children = (
				C3F786391EC5507200CCE34D /* XXUIKitTests.m */,
				C3F7863B1EC5507200CCE34D /* Info.plist */,
			);
			path = XXUIKitTests;
			sourceTree = "<group>";
		};
		C3F786431EC5507200CCE34D /* XXUIKitUITests */ = {
			isa = PBXGroup;
			children = (
				C3F786441EC5507200CCE34D /* XXUIKitUITests.m */,
				C3F786461EC5507200CCE34D /* Info.plist */,
			);
			path = XXUIKitUITests;
			sourceTree = "<group>";
		};
/* End PBXGroup section */

/* Begin PBXNativeTarget section */
		C3F7861B1EC5507200CCE34D /* XXUIKit */ = {
			isa = PBXNativeTarget;
			buildConfigurationList = C3F786491EC5507200CCE34D /* Build configuration list for PBXNativeTarget "XXUIKit" */;
			buildPhases = (
				C3F786181EC5507200CCE34D /* Sources */,
				C3F786191EC5507200CCE34D /* Frameworks */,
				C3F7861A1EC5507200CCE34D /* Resources */,
			);
			buildRules = (
			);
			dependencies = (
			);
			name = XXUIKit;
			productName = XXUIKit;
			productReference = C3F7861C1EC5507200CCE34D /* XXUIKit.app */;
			productType = "com.apple.product-type.application";
		};
		C3F786341EC5507200CCE34D /* XXUIKitTests */ = {
			isa = PBXNativeTarget;
			buildConfigurationList = C3F7864C1EC5507200CCE34D /* Build configuration list for PBXNativeTarget "XXUIKitTests" */;
			buildPhases = (
				C3F786311EC5507200CCE34D /* Sources */,
				C3F786321EC5507200CCE34D /* Frameworks */,
				C3F786331EC5507200CCE34D /* Resources */,
			);
			buildRules = (
			);
			dependencies = (
				C3F786371EC5507200CCE34D /* PBXTargetDependency */,
			);
			name = XXUIKitTests;
			productName = XXUIKitTests;
			productReference = C3F786351EC5507200CCE34D /* XXUIKitTests.xctest */;
			productType = "com.apple.product-type.bundle.unit-test";
		};
		C3F7863F1EC5507200CCE34D /* XXUIKitUITests */ = {
			isa = PBXNativeTarget;
			buildConfigurationList = C3F7864F1EC5507200CCE34D /* Build configuration list for PBXNativeTarget "XXUIKitUITests" */;
			buildPhases = (
				C3F7863C1EC5507200CCE34D /* Sources */,
				C3F7863D1EC5507200CCE34D /* Frameworks */,
				C3F7863E1EC5507200CCE34D /* Resources */,
			);
			buildRules = (
			);
			dependencies = (
				C3F786421EC5507200CCE34D /* PBXTargetDependency */,
			);
			name = XXUIKitUITests;
			productName = XXUIKitUITests;
			productReference = C3F786401EC5507200CCE34D /* XXUIKitUITests.xctest */;
			productType = "com.apple.product-type.bundle.ui-testing";
		};
/* End PBXNativeTarget section */

/* Begin PBXProject section */
		C3F786141EC5507200CCE34D /* Project object */ = {
			isa = PBXProject;
			attributes = {
				LastUpgradeCheck = 0830;
				ORGANIZATIONNAME = "徐徐";
				TargetAttributes = {
					C3F7861B1EC5507200CCE34D = {
						CreatedOnToolsVersion = 8.3.2;
						ProvisioningStyle = Automatic;
					};
					C3F786341EC5507200CCE34D = {
						CreatedOnToolsVersion = 8.3.2;
						ProvisioningStyle = Automatic;
						TestTargetID = C3F7861B1EC5507200CCE34D;
					};
					C3F7863F1EC5507200CCE34D = {
						CreatedOnToolsVersion = 8.3.2;
						ProvisioningStyle = Automatic;
						TestTargetID = C3F7861B1EC5507200CCE34D;
					};
				};
			};
			buildConfigurationList = C3F786171EC5507200CCE34D /* Build configuration list for PBXProject "XXUIKit" */;
			compatibilityVersion = "Xcode 3.2";
			developmentRegion = English;
			hasScannedForEncodings = 0;
			knownRegions = (
				en,
				Base,
			);
			mainGroup = C3F786131EC5507200CCE34D;
			productRefGroup = C3F7861D1EC5507200CCE34D /* Products */;
			projectDirPath = "";
			projectRoot = "";
			targets = (
				C3F7861B1EC5507200CCE34D /* XXUIKit */,
				C3F786341EC5507200CCE34D /* XXUIKitTests */,
				C3F7863F1EC5507200CCE34D /* XXUIKitUITests */,
			);
		};
/* End PBXProject section */

/* Begin PBXResourcesBuildPhase section */
		C3F7861A1EC5507200CCE34D /* Resources */ = {
			isa = PBXResourcesBuildPhase;
			buildActionMask = 2147483647;
			files = (
				C3F7862F1EC5507200CCE34D /* LaunchScreen.storyboard in Resources */,
				C3F7862C1EC5507200CCE34D /* Assets.xcassets in Resources */,
				C3F7862A1EC5507200CCE34D /* Main.storyboard in Resources */,
			);
			runOnlyForDeploymentPostprocessing = 0;
		};
		C3F786331EC5507200CCE34D /* Resources */ = {
			isa = PBXResourcesBuildPhase;
			buildActionMask = 2147483647;
			files = (
			);
			runOnlyForDeploymentPostprocessing = 0;
		};
		C3F7863E1EC5507200CCE34D /* Resources */ = {
			isa = PBXResourcesBuildPhase;
			buildActionMask = 2147483647;
			files = (
			);
			runOnlyForDeploymentPostprocessing = 0;
		};
/* End PBXResourcesBuildPhase section */

/* Begin PBXSourcesBuildPhase section */
		C3F786181EC5507200CCE34D /* Sources */ = {
			isa = PBXSourcesBuildPhase;
			buildActionMask = 2147483647;
			files = (
				C3F786271EC5507200CCE34D /* ViewController.m in Sources */,
				C3F786241EC5507200CCE34D /* AppDelegate.m in Sources */,
				C33CE2F81EC555B0008D05F6 /* UIView+Extension.m in Sources */,
				C3F786211EC5507200CCE34D /* main.m in Sources */,
			);
			runOnlyForDeploymentPostprocessing = 0;
		};
		C3F786311EC5507200CCE34D /* Sources */ = {
			isa = PBXSourcesBuildPhase;
			buildActionMask = 2147483647;
			files = (
				C3F7863A1EC5507200CCE34D /* XXUIKitTests.m in Sources */,
			);
			runOnlyForDeploymentPostprocessing = 0;
		};
		C3F7863C1EC5507200CCE34D /* Sources */ = {
			isa = PBXSourcesBuildPhase;
			buildActionMask = 2147483647;
			files = (
				C3F786451EC5507200CCE34D /* XXUIKitUITests.m in Sources */,
			);
			runOnlyForDeploymentPostprocessing = 0;
		};
/* End PBXSourcesBuildPhase section */

/* Begin PBXTargetDependency section */
		C3F786371EC5507200CCE34D /* PBXTargetDependency */ = {
			isa = PBXTargetDependency;
			target = C3F7861B1EC5507200CCE34D /* XXUIKit */;
			targetProxy = C3F786361EC5507200CCE34D /* PBXContainerItemProxy */;
		};
		C3F786421EC5507200CCE34D /* PBXTargetDependency */ = {
			isa = PBXTargetDependency;
			target = C3F7861B1EC5507200CCE34D /* XXUIKit */;
			targetProxy = C3F786411EC5507200CCE34D /* PBXContainerItemProxy */;
		};
/* End PBXTargetDependency section */

/* Begin PBXVariantGroup section */
		C3F786281EC5507200CCE34D /* Main.storyboard */ = {
			isa = PBXVariantGroup;
			children = (
				C3F786291EC5507200CCE34D /* Base */,
			);
			name = Main.storyboard;
			sourceTree = "<group>";
		};
		C3F7862D1EC5507200CCE34D /* LaunchScreen.storyboard */ = {
			isa = PBXVariantGroup;
			children = (
				C3F7862E1EC5507200CCE34D /* Base */,
			);
			name = LaunchScreen.storyboard;
			sourceTree = "<group>";
		};
/* End PBXVariantGroup section */

/* Begin XCBuildConfiguration section */
		C3F786471EC5507200CCE34D /* Debug */ = {
			isa = XCBuildConfiguration;
			buildSettings = {
				ALWAYS_SEARCH_USER_PATHS = NO;
				CLANG_ANALYZER_NONNULL = YES;
				CLANG_ANALYZER_NUMBER_OBJECT_CONVERSION = YES_AGGRESSIVE;
				CLANG_CXX_LANGUAGE_STANDARD = "gnu++0x";
				CLANG_CXX_LIBRARY = "libc++";
				CLANG_ENABLE_MODULES = YES;
				CLANG_ENABLE_OBJC_ARC = YES;
				CLANG_WARN_BOOL_CONVERSION = YES;
				CLANG_WARN_CONSTANT_CONVERSION = YES;
				CLANG_WARN_DIRECT_OBJC_ISA_USAGE = YES_ERROR;
				CLANG_WARN_DOCUMENTATION_COMMENTS = YES;
				CLANG_WARN_EMPTY_BODY = YES;
				CLANG_WARN_ENUM_CONVERSION = YES;
				CLANG_WARN_INFINITE_RECURSION = YES;
				CLANG_WARN_INT_CONVERSION = YES;
				CLANG_WARN_OBJC_ROOT_CLASS = YES_ERROR;
				CLANG_WARN_SUSPICIOUS_MOVE = YES;
				CLANG_WARN_UNREACHABLE_CODE = YES;
				CLANG_WARN__DUPLICATE_METHOD_MATCH = YES;
				"CODE_SIGN_IDENTITY[sdk=iphoneos*]" = "iPhone Developer";
				COPY_PHASE_STRIP = NO;
				DEBUG_INFORMATION_FORMAT = dwarf;
				ENABLE_STRICT_OBJC_MSGSEND = YES;
				ENABLE_TESTABILITY = YES;
				GCC_C_LANGUAGE_STANDARD = gnu99;
				GCC_DYNAMIC_NO_PIC = NO;
				GCC_NO_COMMON_BLOCKS = YES;
				GCC_OPTIMIZATION_LEVEL = 0;
				GCC_PREPROCESSOR_DEFINITIONS = (
					"DEBUG=1",
					"$(inherited)",
				);
				GCC_WARN_64_TO_32_BIT_CONVERSION = YES;
				GCC_WARN_ABOUT_RETURN_TYPE = YES_ERROR;
				GCC_WARN_UNDECLARED_SELECTOR = YES;
				GCC_WARN_UNINITIALIZED_AUTOS = YES_AGGRESSIVE;
				GCC_WARN_UNUSED_FUNCTION = YES;
				GCC_WARN_UNUSED_VARIABLE = YES;
				IPHONEOS_DEPLOYMENT_TARGET = 10.3;
				MTL_ENABLE_DEBUG_INFO = YES;
				ONLY_ACTIVE_ARCH = YES;
				SDKROOT = iphoneos;
				TARGETED_DEVICE_FAMILY = "1,2";
			};
			name = Debug;
		};
		C3F786481EC5507200CCE34D /* Release */ = {
			isa = XCBuildConfiguration;
			buildSettings = {
				ALWAYS_SEARCH_USER_PATHS = NO;
				CLANG_ANALYZER_NONNULL = YES;
				CLANG_ANALYZER_NUMBER_OBJECT_CONVERSION = YES_AGGRESSIVE;
				CLANG_CXX_LANGUAGE_STANDARD = "gnu++0x";
				CLANG_CXX_LIBRARY = "libc++";
				CLANG_ENABLE_MODULES = YES;
				CLANG_ENABLE_OBJC_ARC = YES;
				CLANG_WARN_BOOL_CONVERSION = YES;
				CLANG_WARN_CONSTANT_CONVERSION = YES;
				CLANG_WARN_DIRECT_OBJC_ISA_USAGE = YES_ERROR;
				CLANG_WARN_DOCUMENTATION_COMMENTS = YES;
				CLANG_WARN_EMPTY_BODY = YES;
				CLANG_WARN_ENUM_CONVERSION = YES;
				CLANG_WARN_INFINITE_RECURSION = YES;
				CLANG_WARN_INT_CONVERSION = YES;
				CLANG_WARN_OBJC_ROOT_CLASS = YES_ERROR;
				CLANG_WARN_SUSPICIOUS_MOVE = YES;
				CLANG_WARN_UNREACHABLE_CODE = YES;
				CLANG_WARN__DUPLICATE_METHOD_MATCH = YES;
				"CODE_SIGN_IDENTITY[sdk=iphoneos*]" = "iPhone Developer";
				COPY_PHASE_STRIP = NO;
				DEBUG_INFORMATION_FORMAT = "dwarf-with-dsym";
				ENABLE_NS_ASSERTIONS = NO;
				ENABLE_STRICT_OBJC_MSGSEND = YES;
				GCC_C_LANGUAGE_STANDARD = gnu99;
				GCC_NO_COMMON_BLOCKS = YES;
				GCC_WARN_64_TO_32_BIT_CONVERSION = YES;
				GCC_WARN_ABOUT_RETURN_TYPE = YES_ERROR;
				GCC_WARN_UNDECLARED_SELECTOR = YES;
				GCC_WARN_UNINITIALIZED_AUTOS = YES_AGGRESSIVE;
				GCC_WARN_UNUSED_FUNCTION = YES;
				GCC_WARN_UNUSED_VARIABLE = YES;
				IPHONEOS_DEPLOYMENT_TARGET = 10.3;
				MTL_ENABLE_DEBUG_INFO = NO;
				SDKROOT = iphoneos;
				TARGETED_DEVICE_FAMILY = "1,2";
				VALIDATE_PRODUCT = YES;
			};
			name = Release;
		};
		C3F7864A1EC5507200CCE34D /* Debug */ = {
			isa = XCBuildConfiguration;
			buildSettings = {
				ASSETCATALOG_COMPILER_APPICON_NAME = AppIcon;
				INFOPLIST_FILE = XXUIKit/Info.plist;
				IPHONEOS_DEPLOYMENT_TARGET = 8;
				LD_RUNPATH_SEARCH_PATHS = "$(inherited) @executable_path/Frameworks";
				PRODUCT_BUNDLE_IDENTIFIER = xxuikit.XXUIKit;
				PRODUCT_NAME = "$(TARGET_NAME)";
			};
			name = Debug;
		};
		C3F7864B1EC5507200CCE34D /* Release */ = {
			isa = XCBuildConfiguration;
			buildSettings = {
				ASSETCATALOG_COMPILER_APPICON_NAME = AppIcon;
				INFOPLIST_FILE = XXUIKit/Info.plist;
				IPHONEOS_DEPLOYMENT_TARGET = 8;
				LD_RUNPATH_SEARCH_PATHS = "$(inherited) @executable_path/Frameworks";
				PRODUCT_BUNDLE_IDENTIFIER = xxuikit.XXUIKit;
				PRODUCT_NAME = "$(TARGET_NAME)";
			};
			name = Release;
		};
		C3F7864D1EC5507200CCE34D /* Debug */ = {
			isa = XCBuildConfiguration;
			buildSettings = {
				BUNDLE_LOADER = "$(TEST_HOST)";
				INFOPLIST_FILE = XXUIKitTests/Info.plist;
				LD_RUNPATH_SEARCH_PATHS = "$(inherited) @executable_path/Frameworks @loader_path/Frameworks";
				PRODUCT_BUNDLE_IDENTIFIER = xxuikit.XXUIKitTests;
				PRODUCT_NAME = "$(TARGET_NAME)";
				TEST_HOST = "$(BUILT_PRODUCTS_DIR)/XXUIKit.app/XXUIKit";
			};
			name = Debug;
		};
		C3F7864E1EC5507200CCE34D /* Release */ = {
			isa = XCBuildConfiguration;
			buildSettings = {
				BUNDLE_LOADER = "$(TEST_HOST)";
				INFOPLIST_FILE = XXUIKitTests/Info.plist;
				LD_RUNPATH_SEARCH_PATHS = "$(inherited) @executable_path/Frameworks @loader_path/Frameworks";
				PRODUCT_BUNDLE_IDENTIFIER = xxuikit.XXUIKitTests;
				PRODUCT_NAME = "$(TARGET_NAME)";
				TEST_HOST = "$(BUILT_PRODUCTS_DIR)/XXUIKit.app/XXUIKit";
			};
			name = Release;
		};
		C3F786501EC5507200CCE34D /* Debug */ = {
			isa = XCBuildConfiguration;
			buildSettings = {
				INFOPLIST_FILE = XXUIKitUITests/Info.plist;
				LD_RUNPATH_SEARCH_PATHS = "$(inherited) @executable_path/Frameworks @loader_path/Frameworks";
				PRODUCT_BUNDLE_IDENTIFIER = xxuikit.XXUIKitUITests;
				PRODUCT_NAME = "$(TARGET_NAME)";
				TEST_TARGET_NAME = XXUIKit;
			};
			name = Debug;
		};
		C3F786511EC5507200CCE34D /* Release */ = {
			isa = XCBuildConfiguration;
			buildSettings = {
				INFOPLIST_FILE = XXUIKitUITests/Info.plist;
				LD_RUNPATH_SEARCH_PATHS = "$(inherited) @executable_path/Frameworks @loader_path/Frameworks";
				PRODUCT_BUNDLE_IDENTIFIER = xxuikit.XXUIKitUITests;
				PRODUCT_NAME = "$(TARGET_NAME)";
				TEST_TARGET_NAME = XXUIKit;
			};
			name = Release;
		};
/* End XCBuildConfiguration section */

/* Begin XCConfigurationList section */
		C3F786171EC5507200CCE34D /* Build configuration list for PBXProject "XXUIKit" */ = {
			isa = XCConfigurationList;
			buildConfigurations = (
				C3F786471EC5507200CCE34D /* Debug */,
				C3F786481EC5507200CCE34D /* Release */,
			);
			defaultConfigurationIsVisible = 0;
			defaultConfigurationName = Release;
		};
		C3F786491EC5507200CCE34D /* Build configuration list for PBXNativeTarget "XXUIKit" */ = {
			isa = XCConfigurationList;
			buildConfigurations = (
				C3F7864A1EC5507200CCE34D /* Debug */,
				C3F7864B1EC5507200CCE34D /* Release */,
			);
			defaultConfigurationIsVisible = 0;
			defaultConfigurationName = Release;
		};
		C3F7864C1EC5507200CCE34D /* Build configuration list for PBXNativeTarget "XXUIKitTests" */ = {
			isa = XCConfigurationList;
			buildConfigurations = (
				C3F7864D1EC5507200CCE34D /* Debug */,
				C3F7864E1EC5507200CCE34D /* Release */,
			);
			defaultConfigurationIsVisible = 0;
			defaultConfigurationName = Release;
		};
		C3F7864F1EC5507200CCE34D /* Build configuration list for PBXNativeTarget "XXUIKitUITests" */ = {
			isa = XCConfigurationList;
			buildConfigurations = (
				C3F786501EC5507200CCE34D /* Debug */,
				C3F786511EC5507200CCE34D /* Release */,
			);
			defaultConfigurationIsVisible = 0;
			defaultConfigurationName = Release;
		};
/* End XCConfigurationList section */
	};
	rootObject = C3F786141EC5507200CCE34D /* Project object */;
}
